// !$*UTF8*$!
{
	archiveVersion = 1;
	classes = {
	};
	objectVersion = 48;
	objects = {

/* Begin PBXBuildFile section */
		C05B56851FEB19010017F7DB /* Makefile in Sources */ = {isa = PBXBuildFile; fileRef = C05B56841FEB19010017F7DB /* Makefile */; };
		C05D29111FEA96EB006097B2 /* main.cpp in Sources */ = {isa = PBXBuildFile; fileRef = C05D29101FEA96EB006097B2 /* main.cpp */; };
		C05D291D1FEA987D006097B2 /* sha2.c in Sources */ = {isa = PBXBuildFile; fileRef = C05D291C1FEA987D006097B2 /* sha2.c */; };
		C05D29201FEA9BA7006097B2 /* SHA512.cpp in Sources */ = {isa = PBXBuildFile; fileRef = C05D291E1FEA9BA7006097B2 /* SHA512.cpp */; };
		C05D29241FEAB534006097B2 /* Block.cpp in Sources */ = {isa = PBXBuildFile; fileRef = C05D29221FEAB534006097B2 /* Block.cpp */; };
		C05D29281FEAD8F2006097B2 /* Blockchain.cpp in Sources */ = {isa = PBXBuildFile; fileRef = C05D29261FEAD8F2006097B2 /* Blockchain.cpp */; };
/* End PBXBuildFile section */

/* Begin PBXCopyFilesBuildPhase section */
		C05D290B1FEA96EB006097B2 /* CopyFiles */ = {
			isa = PBXCopyFilesBuildPhase;
			buildActionMask = 2147483647;
			dstPath = /usr/share/man/man1/;
			dstSubfolderSpec = 0;
			files = (
			);
			runOnlyForDeploymentPostprocessing = 1;
		};
/* End PBXCopyFilesBuildPhase section */

/* Begin PBXFileReference section */
		C05B56841FEB19010017F7DB /* Makefile */ = {isa = PBXFileReference; fileEncoding = 4; lastKnownFileType = sourcecode.make; path = Makefile; sourceTree = "<group>"; };
		C05B56861FEB1A510017F7DB /* README.md */ = {isa = PBXFileReference; lastKnownFileType = net.daringfireball.markdown; path = README.md; sourceTree = "<group>"; };
		C05D290D1FEA96EB006097B2 /* Dynamite */ = {isa = PBXFileReference; explicitFileType = "compiled.mach-o.executable"; includeInIndex = 0; path = Dynamite; sourceTree = BUILT_PRODUCTS_DIR; };
		C05D29101FEA96EB006097B2 /* main.cpp */ = {isa = PBXFileReference; lastKnownFileType = sourcecode.cpp.cpp; path = main.cpp; sourceTree = "<group>"; };
		C05D291B1FEA987D006097B2 /* sha2.h */ = {isa = PBXFileReference; fileEncoding = 4; lastKnownFileType = sourcecode.c.h; path = sha2.h; sourceTree = "<group>"; };
		C05D291C1FEA987D006097B2 /* sha2.c */ = {isa = PBXFileReference; fileEncoding = 4; lastKnownFileType = sourcecode.c.c; path = sha2.c; sourceTree = "<group>"; };
		C05D291E1FEA9BA7006097B2 /* SHA512.cpp */ = {isa = PBXFileReference; lastKnownFileType = sourcecode.cpp.cpp; path = SHA512.cpp; sourceTree = "<group>"; };
		C05D291F1FEA9BA7006097B2 /* SHA512.hpp */ = {isa = PBXFileReference; lastKnownFileType = sourcecode.cpp.h; path = SHA512.hpp; sourceTree = "<group>"; };
		C05D29221FEAB534006097B2 /* Block.cpp */ = {isa = PBXFileReference; lastKnownFileType = sourcecode.cpp.cpp; path = Block.cpp; sourceTree = "<group>"; };
		C05D29231FEAB534006097B2 /* Block.hpp */ = {isa = PBXFileReference; lastKnownFileType = sourcecode.cpp.h; path = Block.hpp; sourceTree = "<group>"; };
		C05D29261FEAD8F2006097B2 /* Blockchain.cpp */ = {isa = PBXFileReference; lastKnownFileType = sourcecode.cpp.cpp; path = Blockchain.cpp; sourceTree = "<group>"; };
		C05D29271FEAD8F2006097B2 /* Blockchain.hpp */ = {isa = PBXFileReference; lastKnownFileType = sourcecode.cpp.h; path = Blockchain.hpp; sourceTree = "<group>"; };
/* End PBXFileReference section */

/* Begin PBXFrameworksBuildPhase section */
		C05D290A1FEA96EB006097B2 /* Frameworks */ = {
			isa = PBXFrameworksBuildPhase;
			buildActionMask = 2147483647;
			files = (
			);
			runOnlyForDeploymentPostprocessing = 0;
		};
/* End PBXFrameworksBuildPhase section */

/* Begin PBXGroup section */
		C05D29041FEA96EB006097B2 = {
			isa = PBXGroup;
			children = (
				C05D290F1FEA96EB006097B2 /* Dynamite */,
				C05D290E1FEA96EB006097B2 /* Products */,
			);
			sourceTree = "<group>";
		};
		C05D290E1FEA96EB006097B2 /* Products */ = {
			isa = PBXGroup;
			children = (
				C05D290D1FEA96EB006097B2 /* Dynamite */,
			);
			name = Products;
			sourceTree = "<group>";
		};
		C05D290F1FEA96EB006097B2 /* Dynamite */ = {
			isa = PBXGroup;
			children = (
				C05B56861FEB1A510017F7DB /* README.md */,
				C05B56841FEB19010017F7DB /* Makefile */,
				C05D29251FEAD8E2006097B2 /* Blockchain */,
				C05D29211FEAB49A006097B2 /* Block */,
				C05D29101FEA96EB006097B2 /* main.cpp */,
				C05D29171FEA9749006097B2 /* Hashing */,
			);
			path = Dynamite;
			sourceTree = "<group>";
		};
		C05D29171FEA9749006097B2 /* Hashing */ = {
			isa = PBXGroup;
			children = (
				C05D291C1FEA987D006097B2 /* sha2.c */,
				C05D291B1FEA987D006097B2 /* sha2.h */,
				C05D291E1FEA9BA7006097B2 /* SHA512.cpp */,
				C05D291F1FEA9BA7006097B2 /* SHA512.hpp */,
			);
			path = Hashing;
			sourceTree = "<group>";
		};
		C05D29211FEAB49A006097B2 /* Block */ = {
			isa = PBXGroup;
			children = (
				C05D29221FEAB534006097B2 /* Block.cpp */,
				C05D29231FEAB534006097B2 /* Block.hpp */,
			);
			path = Block;
			sourceTree = "<group>";
		};
		C05D29251FEAD8E2006097B2 /* Blockchain */ = {
			isa = PBXGroup;
			children = (
				C05D29261FEAD8F2006097B2 /* Blockchain.cpp */,
				C05D29271FEAD8F2006097B2 /* Blockchain.hpp */,
			);
			path = Blockchain;
			sourceTree = "<group>";
		};
/* End PBXGroup section */

/* Begin PBXNativeTarget section */
		C05D290C1FEA96EB006097B2 /* Dynamite */ = {
			isa = PBXNativeTarget;
			buildConfigurationList = C05D29141FEA96EB006097B2 /* Build configuration list for PBXNativeTarget "Dynamite" */;
			buildPhases = (
				C05D29091FEA96EB006097B2 /* Sources */,
				C05D290A1FEA96EB006097B2 /* Frameworks */,
				C05D290B1FEA96EB006097B2 /* CopyFiles */,
			);
			buildRules = (
			);
			dependencies = (
			);
			name = Dynamite;
			productName = Dynamite;
			productReference = C05D290D1FEA96EB006097B2 /* Dynamite */;
			productType = "com.apple.product-type.tool";
		};
/* End PBXNativeTarget section */

/* Begin PBXProject section */
		C05D29051FEA96EB006097B2 /* Project object */ = {
			isa = PBXProject;
			attributes = {
				LastUpgradeCheck = 0920;
				ORGANIZATIONNAME = TnTap;
				TargetAttributes = {
					C05D290C1FEA96EB006097B2 = {
						CreatedOnToolsVersion = 9.2;
						ProvisioningStyle = Automatic;
					};
				};
			};
			buildConfigurationList = C05D29081FEA96EB006097B2 /* Build configuration list for PBXProject "Dynamite" */;
			compatibilityVersion = "Xcode 8.0";
			developmentRegion = en;
			hasScannedForEncodings = 0;
			knownRegions = (
				en,
			);
			mainGroup = C05D29041FEA96EB006097B2;
			productRefGroup = C05D290E1FEA96EB006097B2 /* Products */;
			projectDirPath = "";
			projectRoot = "";
			targets = (
				C05D290C1FEA96EB006097B2 /* Dynamite */,
			);
		};
/* End PBXProject section */

/* Begin PBXSourcesBuildPhase section */
		C05D29091FEA96EB006097B2 /* Sources */ = {
			isa = PBXSourcesBuildPhase;
			buildActionMask = 2147483647;
			files = (
				C05B56851FEB19010017F7DB /* Makefile in Sources */,
				C05D29111FEA96EB006097B2 /* main.cpp in Sources */,
				C05D29241FEAB534006097B2 /* Block.cpp in Sources */,
				C05D291D1FEA987D006097B2 /* sha2.c in Sources */,
				C05D29281FEAD8F2006097B2 /* Blockchain.cpp in Sources */,
				C05D29201FEA9BA7006097B2 /* SHA512.cpp in Sources */,
			);
			runOnlyForDeploymentPostprocessing = 0;
		};
/* End PBXSourcesBuildPhase section */

/* Begin XCBuildConfiguration section */
		C05D29121FEA96EB006097B2 /* Debug */ = {
			isa = XCBuildConfiguration;
			buildSettings = {
				ALWAYS_SEARCH_USER_PATHS = NO;
				CLANG_ANALYZER_NONNULL = YES;
				CLANG_ANALYZER_NUMBER_OBJECT_CONVERSION = YES_AGGRESSIVE;
				CLANG_CXX_LANGUAGE_STANDARD = "gnu++14";
				CLANG_CXX_LIBRARY = "libc++";
				CLANG_ENABLE_MODULES = YES;
				CLANG_ENABLE_OBJC_ARC = YES;
				CLANG_WARN_BLOCK_CAPTURE_AUTORELEASING = YES;
				CLANG_WARN_BOOL_CONVERSION = YES;
				CLANG_WARN_COMMA = YES;
				CLANG_WARN_CONSTANT_CONVERSION = YES;
				CLANG_WARN_DIRECT_OBJC_ISA_USAGE = YES_ERROR;
				CLANG_WARN_DOCUMENTATION_COMMENTS = YES;
				CLANG_WARN_EMPTY_BODY = YES;
				CLANG_WARN_ENUM_CONVERSION = YES;
				CLANG_WARN_INFINITE_RECURSION = YES;
				CLANG_WARN_INT_CONVERSION = YES;
				CLANG_WARN_NON_LITERAL_NULL_CONVERSION = YES;
				CLANG_WARN_OBJC_LITERAL_CONVERSION = YES;
				CLANG_WARN_OBJC_ROOT_CLASS = YES_ERROR;
				CLANG_WARN_RANGE_LOOP_ANALYSIS = YES;
				CLANG_WARN_STRICT_PROTOTYPES = YES;
				CLANG_WARN_SUSPICIOUS_MOVE = YES;
				CLANG_WARN_UNGUARDED_AVAILABILITY = YES_AGGRESSIVE;
				CLANG_WARN_UNREACHABLE_CODE = YES;
				CLANG_WARN__DUPLICATE_METHOD_MATCH = YES;
				CODE_SIGN_IDENTITY = "Mac Developer";
				COPY_PHASE_STRIP = NO;
				DEBUG_INFORMATION_FORMAT = dwarf;
				ENABLE_STRICT_OBJC_MSGSEND = YES;
				ENABLE_TESTABILITY = YES;
				GCC_C_LANGUAGE_STANDARD = gnu11;
				GCC_DYNAMIC_NO_PIC = NO;
				GCC_NO_COMMON_BLOCKS = YES;
				GCC_OPTIMIZATION_LEVEL = 0;
				GCC_PREPROCESSOR_DEFINITIONS = (
					"DEBUG=1",
					"$(inherited)",
				);
				GCC_WARN_64_TO_32_BIT_CONVERSION = YES;
				GCC_WARN_ABOUT_RETURN_TYPE = YES_ERROR;
				GCC_WARN_UNDECLARED_SELECTOR = YES;
				GCC_WARN_UNINITIALIZED_AUTOS = YES_AGGRESSIVE;
				GCC_WARN_UNUSED_FUNCTION = YES;
				GCC_WARN_UNUSED_VARIABLE = YES;
				MACOSX_DEPLOYMENT_TARGET = 10.13;
				MTL_ENABLE_DEBUG_INFO = YES;
				ONLY_ACTIVE_ARCH = YES;
				SDKROOT = macosx;
			};
			name = Debug;
		};
		C05D29131FEA96EB006097B2 /* Release */ = {
			isa = XCBuildConfiguration;
			buildSettings = {
				ALWAYS_SEARCH_USER_PATHS = NO;
				CLANG_ANALYZER_NONNULL = YES;
				CLANG_ANALYZER_NUMBER_OBJECT_CONVERSION = YES_AGGRESSIVE;
				CLANG_CXX_LANGUAGE_STANDARD = "gnu++14";
				CLANG_CXX_LIBRARY = "libc++";
				CLANG_ENABLE_MODULES = YES;
				CLANG_ENABLE_OBJC_ARC = YES;
				CLANG_WARN_BLOCK_CAPTURE_AUTORELEASING = YES;
				CLANG_WARN_BOOL_CONVERSION = YES;
				CLANG_WARN_COMMA = YES;
				CLANG_WARN_CONSTANT_CONVERSION = YES;
				CLANG_WARN_DIRECT_OBJC_ISA_USAGE = YES_ERROR;
				CLANG_WARN_DOCUMENTATION_COMMENTS = YES;
				CLANG_WARN_EMPTY_BODY = YES;
				CLANG_WARN_ENUM_CONVERSION = YES;
				CLANG_WARN_INFINITE_RECURSION = YES;
				CLANG_WARN_INT_CONVERSION = YES;
				CLANG_WARN_NON_LITERAL_NULL_CONVERSION = YES;
				CLANG_WARN_OBJC_LITERAL_CONVERSION = YES;
				CLANG_WARN_OBJC_ROOT_CLASS = YES_ERROR;
				CLANG_WARN_RANGE_LOOP_ANALYSIS = YES;
				CLANG_WARN_STRICT_PROTOTYPES = YES;
				CLANG_WARN_SUSPICIOUS_MOVE = YES;
				CLANG_WARN_UNGUARDED_AVAILABILITY = YES_AGGRESSIVE;
				CLANG_WARN_UNREACHABLE_CODE = YES;
				CLANG_WARN__DUPLICATE_METHOD_MATCH = YES;
				CODE_SIGN_IDENTITY = "Mac Developer";
				COPY_PHASE_STRIP = NO;
				DEBUG_INFORMATION_FORMAT = "dwarf-with-dsym";
				ENABLE_NS_ASSERTIONS = NO;
				ENABLE_STRICT_OBJC_MSGSEND = YES;
				GCC_C_LANGUAGE_STANDARD = gnu11;
				GCC_NO_COMMON_BLOCKS = YES;
				GCC_WARN_64_TO_32_BIT_CONVERSION = YES;
				GCC_WARN_ABOUT_RETURN_TYPE = YES_ERROR;
				GCC_WARN_UNDECLARED_SELECTOR = YES;
				GCC_WARN_UNINITIALIZED_AUTOS = YES_AGGRESSIVE;
				GCC_WARN_UNUSED_FUNCTION = YES;
				GCC_WARN_UNUSED_VARIABLE = YES;
				MACOSX_DEPLOYMENT_TARGET = 10.13;
				MTL_ENABLE_DEBUG_INFO = NO;
				SDKROOT = macosx;
			};
			name = Release;
		};
		C05D29151FEA96EB006097B2 /* Debug */ = {
			isa = XCBuildConfiguration;
			buildSettings = {
				CODE_SIGN_STYLE = Automatic;
				DEVELOPMENT_TEAM = J74URF8AFJ;
				PRODUCT_NAME = "$(TARGET_NAME)";
			};
			name = Debug;
		};
		C05D29161FEA96EB006097B2 /* Release */ = {
			isa = XCBuildConfiguration;
			buildSettings = {
				CODE_SIGN_STYLE = Automatic;
				DEVELOPMENT_TEAM = J74URF8AFJ;
				PRODUCT_NAME = "$(TARGET_NAME)";
			};
			name = Release;
		};
/* End XCBuildConfiguration section */

/* Begin XCConfigurationList section */
		C05D29081FEA96EB006097B2 /* Build configuration list for PBXProject "Dynamite" */ = {
			isa = XCConfigurationList;
			buildConfigurations = (
				C05D29121FEA96EB006097B2 /* Debug */,
				C05D29131FEA96EB006097B2 /* Release */,
			);
			defaultConfigurationIsVisible = 0;
			defaultConfigurationName = Release;
		};
		C05D29141FEA96EB006097B2 /* Build configuration list for PBXNativeTarget "Dynamite" */ = {
			isa = XCConfigurationList;
			buildConfigurations = (
				C05D29151FEA96EB006097B2 /* Debug */,
				C05D29161FEA96EB006097B2 /* Release */,
			);
			defaultConfigurationIsVisible = 0;
			defaultConfigurationName = Release;
		};
/* End XCConfigurationList section */
	};
	rootObject = C05D29051FEA96EB006097B2 /* Project object */;
}
